
Microsoft Visual Studio Solution File, Format Version 12.00
# Visual Studio Version 17
VisualStudioVersion = 17.11.35312.102
MinimumVisualStudioVersion = 10.0.40219.1
Project("{FAE04EC0-301F-11D3-BF4B-00C04F79EFBC}") = "HydroSafe", "HydroSafe\HydroSafe.csproj", "{3835A97A-2E8A-4B62-876D-B602B27A0A71}"
EndProject
Global
	GlobalSection(SolutionConfigurationPlatforms) = preSolution
		Debug|Any CPU = Debug|Any CPU
		Release|Any CPU = Release|Any CPU
	EndGlobalSection
	GlobalSection(ProjectConfigurationPlatforms) = postSolution
		{3835A97A-2E8A-4B62-876D-B602B27A0A71}.Debug|Any CPU.ActiveCfg = Debug|Any CPU
		{3835A97A-2E8A-4B62-876D-B602B27A0A71}.Debug|Any CPU.Build.0 = Debug|Any CPU
		{3835A97A-2E8A-4B62-876D-B602B27A0A71}.Release|Any CPU.ActiveCfg = Release|Any CPU
		{3835A97A-2E8A-4B62-876D-B602B27A0A71}.Release|Any CPU.Build.0 = Release|Any CPU
	EndGlobalSection
	GlobalSection(SolutionProperties) = preSolution
		HideSolutionNode = FALSE
	EndGlobalSection
	GlobalSection(ExtensibilityGlobals) = postSolution
		SolutionGuid = {1D9148EA-1F4A-41B2-A808-2DA9E09A7443}
	EndGlobalSection
EndGlobal
